
Microsoft Visual Studio Solution File, Format Version 12.00
# Visual Studio 15
VisualStudioVersion = 15.0.27703.2026
MinimumVisualStudioVersion = 10.0.40219.1
Project("{9A19103F-16F7-4668-BE54-9A1E7A4F7556}") = "StoreLib", "StoreLib\StoreLib.csproj", "{5483A96A-88BE-4BDA-971A-F7C63BC84B50}"
EndProject
Project("{FAE04EC0-301F-11D3-BF4B-00C04F79EFBC}") = "StoreLib.Tests", "StoreLib.Tests\StoreLib.Tests.csproj", "{F9263623-7DD3-406B-8956-1B2F5234B8CB}"
EndProject
Project("{2150E333-8FDC-42A3-9474-1A3956D46DE8}") = "Solution Items", "Solution Items", "{B32127CE-2CA6-4EBB-805A-CD95A7DD7016}"
	ProjectSection(SolutionItems) = preProject
		LICENSE.txt = LICENSE.txt
	EndProjectSection
EndProject
Global
	GlobalSection(SolutionConfigurationPlatforms) = preSolution
		Debug|Any CPU = Debug|Any CPU
		Release|Any CPU = Release|Any CPU
	EndGlobalSection
	GlobalSection(ProjectConfigurationPlatforms) = postSolution
		{5483A96A-88BE-4BDA-971A-F7C63BC84B50}.Debug|Any CPU.ActiveCfg = Debug|Any CPU
		{5483A96A-88BE-4BDA-971A-F7C63BC84B50}.Debug|Any CPU.Build.0 = Debug|Any CPU
		{5483A96A-88BE-4BDA-971A-F7C63BC84B50}.Release|Any CPU.ActiveCfg = Release|Any CPU
		{5483A96A-88BE-4BDA-971A-F7C63BC84B50}.Release|Any CPU.Build.0 = Release|Any CPU
		{F9263623-7DD3-406B-8956-1B2F5234B8CB}.Debug|Any CPU.ActiveCfg = Debug|Any CPU
		{F9263623-7DD3-406B-8956-1B2F5234B8CB}.Debug|Any CPU.Build.0 = Debug|Any CPU
		{F9263623-7DD3-406B-8956-1B2F5234B8CB}.Release|Any CPU.ActiveCfg = Release|Any CPU
		{F9263623-7DD3-406B-8956-1B2F5234B8CB}.Release|Any CPU.Build.0 = Release|Any CPU
	EndGlobalSection
	GlobalSection(SolutionProperties) = preSolution
		HideSolutionNode = FALSE
	EndGlobalSection
	GlobalSection(ExtensibilityGlobals) = postSolution
		SolutionGuid = {A3299523-E2E9-42E4-9B3F-17800912C0B5}
	EndGlobalSection
EndGlobal
